<?xml version="1.0" encoding="utf-8"?>
<Project ToolsVersion="4.0" xmlns="http://schemas.microsoft.com/developer/msbuild/2003">
  <ItemGroup>
    <Filter Include="UI">
      <UniqueIdentifier>{57d006a3-3bea-4198-a4d7-88545e7f6a49}</UniqueIdentifier>
    </Filter>
    <Filter Include="UI\Header Files">
      <UniqueIdentifier>{93995380-89BD-4b04-88EB-625FBE52EBFB}</UniqueIdentifier>
      <Extensions>h;hpp;hxx;hm;inl;inc;xsd</Extensions>
    </Filter>
    <Filter Include="UI\Source Files">
      <UniqueIdentifier>{4FC737F1-C7A5-4376-A066-2A32D752A2FF}</UniqueIdentifier>
      <Extensions>cpp;c;cc;cxx;def;odl;idl;hpj;bat;asm;asmx</Extensions>
    </Filter>
    <Filter Include="UI\Resource Files">
      <UniqueIdentifier>{67DA6AB6-F800-4c08-8B7A-83BB121AAD01}</UniqueIdentifier>
      <Extensions>rc;ico;cur;bmp;dlg;rc2;rct;bin;rgs;gif;jpg;jpeg;jpe;resx;tiff;tif;png;wav</Extensions>
    </Filter>
    <Filter Include="Actions">
      <UniqueIdentifier>{3998fafe-4b59-40d8-bdf1-92caaae67fd8}</UniqueIdentifier>
    </Filter>
    <Filter Include="EditModes">
      <UniqueIdentifier>{ac010881-43b4-4de5-99f0-74cdd7332afe}</UniqueIdentifier>
    </Filter>
  </ItemGroup>
  <ItemGroup>
    <ClInclude Include="GrassPanel.h">
      <Filter>UI\Header Files</Filter>
    </ClInclude>
    <ClInclude Include="LayersPanel.h">
      <Filter>UI\Header Files</Filter>
    </ClInclude>
    <ClInclude Include="MainForm.h">
      <Filter>UI\Header Files</Filter>
    </ClInclude>
    <ClInclude Include="MapForm.h">
      <Filter>UI\Header Files</Filter>
    </ClInclude>
    <ClInclude Include="MapRenderWindow.h">
      <Filter>UI\Header Files</Filter>
    </ClInclude>
    <ClInclude Include="PlaceObjectPanel.h">
      <Filter>UI\Header Files</Filter>
    </ClInclude>
    <ClInclude Include="resource.h">
      <Filter>UI\Header Files</Filter>
    </ClInclude>
    <ClInclude Include="TerrainEditPanel.h">
      <Filter>UI\Header Files</Filter>
    </ClInclude>
    <ClInclude Include="ToolPanel.h">
      <Filter>UI\Header Files</Filter>
    </ClInclude>
    <ClInclude Include="TriggerPanel.h">
      <Filter>UI\Header Files</Filter>
    </ClInclude>
    <ClInclude Include="ViewPanel.h">
      <Filter>UI\Header Files</Filter>
    </ClInclude>
    <ClInclude Include="Action.h">
      <Filter>Actions</Filter>
    </ClInclude>
    <ClInclude Include="ActionAddObject.h">
      <Filter>Actions</Filter>
    </ClInclude>
    <ClInclude Include="ActionAddPatch.h">
      <Filter>Actions</Filter>
    </ClInclude>
    <ClInclude Include="ActionPaintGrass.h">
      <Filter>Actions</Filter>
    </ClInclude>
    <ClInclude Include="ActionPlaceObjects.h">
      <Filter>Actions</Filter>
    </ClInclude>
    <ClInclude Include="ActionRemoveObjects.h">
      <Filter>Actions</Filter>
    </ClInclude>
    <ClInclude Include="ActionRemovePatch.h">
      <Filter>Actions</Filter>
    </ClInclude>
    <ClInclude Include="ActionTerrainEdit.h">
      <Filter>Actions</Filter>
    </ClInclude>
    <ClInclude Include="EditMode.h">
      <Filter>EditModes</Filter>
    </ClInclude>
    <ClInclude Include="EM_AddPatch.h">
      <Filter>EditModes</Filter>
    </ClInclude>
    <ClInclude Include="EM_LayerEdit.h">
      <Filter>EditModes</Filter>
    </ClInclude>
    <ClInclude Include="EM_PaintGrass.h">
      <Filter>EditModes</Filter>
    </ClInclude>
    <ClInclude Include="EM_PlaceObject.h">
      <Filter>EditModes</Filter>
    </ClInclude>
    <ClInclude Include="EM_RemovePatch.h">
      <Filter>EditModes</Filter>
    </ClInclude>
    <ClInclude Include="EM_TerrainEdit.h">
      <Filter>EditModes</Filter>
    </ClInclude>
    <ClInclude Include="EM_Triggers.h">
      <Filter>EditModes</Filter>
    </ClInclude>
    <ClInclude Include="EM_View.h">
      <Filter>EditModes</Filter>
    </ClInclude>
    <ClInclude Include="GrassBrush.h">
      <Filter>UI\Header Files</Filter>
    </ClInclude>
    <ClInclude Include="stdafx.h">
      <Filter>UI\Header Files</Filter>
    </ClInclude>
    <ClInclude Include="TerrainBrush.h">
      <Filter>UI\Header Files</Filter>
    </ClInclude>
    <ClInclude Include="UndoManager.h">
      <Filter>UI\Header Files</Filter>
    </ClInclude>
  </ItemGroup>
  <ItemGroup>
    <ClCompile Include="GrassPanel.cpp">
      <Filter>UI\Source Files</Filter>
    </ClCompile>
    <ClCompile Include="LayersPanel.cpp">
      <Filter>UI\Source Files</Filter>
    </ClCompile>
    <ClCompile Include="MainForm.cpp">
      <Filter>UI\Source Files</Filter>
    </ClCompile>
    <ClCompile Include="MapForm.cpp">
      <Filter>UI\Source Files</Filter>
    </ClCompile>
    <ClCompile Include="MapRenderWindow.cpp">
      <Filter>UI\Source Files</Filter>
    </ClCompile>
    <ClCompile Include="PlaceObjectPanel.cpp">
      <Filter>UI\Source Files</Filter>
    </ClCompile>
    <ClCompile Include="TerrainEditPanel.cpp">
      <Filter>UI\Source Files</Filter>
    </ClCompile>
    <ClCompile Include="ToolPanel.cpp">
      <Filter>UI\Source Files</Filter>
    </ClCompile>
    <ClCompile Include="TriggerPanel.cpp">
      <Filter>UI\Source Files</Filter>
    </ClCompile>
    <ClCompile Include="ViewPanel.cpp">
      <Filter>UI\Source Files</Filter>
    </ClCompile>
    <ClCompile Include="ActionAddObject.cpp">
      <Filter>Actions</Filter>
    </ClCompile>
    <ClCompile Include="ActionAddPatch.cpp">
      <Filter>Actions</Filter>
    </ClCompile>
    <ClCompile Include="ActionPaintGrass.cpp">
      <Filter>Actions</Filter>
    </ClCompile>
    <ClCompile Include="ActionPlaceObjects.cpp">
      <Filter>Actions</Filter>
    </ClCompile>
    <ClCompile Include="ActionRemoveObjects.cpp">
      <Filter>Actions</Filter>
    </ClCompile>
    <ClCompile Include="ActionRemovePatch.cpp">
      <Filter>Actions</Filter>
    </ClCompile>
    <ClCompile Include="ActionTerrainEdit.cpp">
      <Filter>Actions</Filter>
    </ClCompile>
    <ClCompile Include="EM_AddPatch.cpp">
      <Filter>EditModes</Filter>
    </ClCompile>
    <ClCompile Include="EM_LayerEdit.cpp">
      <Filter>EditModes</Filter>
    </ClCompile>
    <ClCompile Include="EM_PaintGrass.cpp">
      <Filter>EditModes</Filter>
    </ClCompile>
    <ClCompile Include="EM_PlaceObject.cpp">
      <Filter>EditModes</Filter>
    </ClCompile>
    <ClCompile Include="EM_RemovePatch.cpp">
      <Filter>EditModes</Filter>
    </ClCompile>
    <ClCompile Include="EM_TerrainEdit.cpp">
      <Filter>EditModes</Filter>
    </ClCompile>
    <ClCompile Include="EM_Triggers.cpp">
      <Filter>EditModes</Filter>
    </ClCompile>
    <ClCompile Include="EM_View.cpp">
      <Filter>EditModes</Filter>
    </ClCompile>
    <ClCompile Include="AssemblyInfo.cpp">
      <Filter>UI\Source Files</Filter>
    </ClCompile>
    <ClCompile Include="GrassBrush.cpp">
      <Filter>UI\Source Files</Filter>
    </ClCompile>
    <ClCompile Include="MapEditor.cpp">
      <Filter>UI\Source Files</Filter>
    </ClCompile>
    <ClCompile Include="stdafx.cpp">
      <Filter>UI\Source Files</Filter>
    </ClCompile>
    <ClCompile Include="TerrainBrush.cpp">
      <Filter>UI\Source Files</Filter>
    </ClCompile>
    <ClCompile Include="UndoManager.cpp">
      <Filter>UI\Source Files</Filter>
    </ClCompile>
  </ItemGroup>
  <ItemGroup>
    <None Include="app.ico">
      <Filter>UI\Resource Files</Filter>
    </None>
    <None Include="Cursors\move.cur">
      <Filter>UI\Resource Files</Filter>
    </None>
    <None Include="Cursors\move_ud.cur">
      <Filter>UI\Resource Files</Filter>
    </None>
    <None Include="Cursors\rot.cur">
      <Filter>UI\Resource Files</Filter>
    </None>
  </ItemGroup>
  <ItemGroup>
    <ResourceCompile Include="app.rc">
      <Filter>UI\Resource Files</Filter>
    </ResourceCompile>
  </ItemGroup>
  <ItemGroup>
    <EmbeddedResource Include="GrassPanel.resx">
      <Filter>UI\Resource Files</Filter>
    </EmbeddedResource>
    <EmbeddedResource Include="LayersPanel.resx">
      <Filter>UI\Resource Files</Filter>
    </EmbeddedResource>
    <EmbeddedResource Include="MainForm.resX">
      <Filter>UI\Resource Files</Filter>
    </EmbeddedResource>
    <EmbeddedResource Include="MapForm.resx">
      <Filter>UI\Resource Files</Filter>
    </EmbeddedResource>
    <EmbeddedResource Include="PlaceObjectPanel.resx">
      <Filter>UI\Resource Files</Filter>
    </EmbeddedResource>
    <EmbeddedResource Include="TerrainEditPanel.resx">
      <Filter>UI\Resource Files</Filter>
    </EmbeddedResource>
    <EmbeddedResource Include="ToolPanel.resx">
      <Filter>UI\Resource Files</Filter>
    </EmbeddedResource>
    <EmbeddedResource Include="TriggerPanel.resx">
      <Filter>UI\Resource Files</Filter>
    </EmbeddedResource>
    <EmbeddedResource Include="ViewPanel.resx">
      <Filter>UI\Resource Files</Filter>
    </EmbeddedResource>
  </ItemGroup>
</Project>