
Microsoft Visual Studio Solution File, Format Version 10.00
# Visual Studio 2008
Project("{8BC9CEB8-8B4A-11D0-8D11-00A0C91BC942}") = "BaseLib", "BaseLib\BaseLib.vcproj", "{D7E6C94E-9411-4ADA-9BD5-18CA86910803}"
EndProject
Project("{8BC9CEB8-8B4A-11D0-8D11-00A0C91BC942}") = "Engine", "Engine\Engine.vcproj", "{F58C7E90-D832-4A9E-9FA7-020FBB802F33}"
EndProject
Global
	GlobalSection(SourceCodeControl) = preSolution
		SccNumberOfProjects = 3
		SccLocalPath0 = .
		SccProjectUniqueName1 = BaseLib\\BaseLib.vcproj
		SccLocalPath1 = .
		SccProjectFilePathRelativizedFromConnection1 = BaseLib\\
		SccProjectUniqueName2 = Engine\\Engine.vcproj
		SccLocalPath2 = .
		SccProjectFilePathRelativizedFromConnection2 = Engine\\
	EndGlobalSection
	GlobalSection(SolutionConfigurationPlatforms) = preSolution
		Debug|Win32 = Debug|Win32
		Release|Win32 = Release|Win32
	EndGlobalSection
	GlobalSection(ProjectConfigurationPlatforms) = postSolution
		{D7E6C94E-9411-4ADA-9BD5-18CA86910803}.Debug|Win32.ActiveCfg = Debug|Win32
		{D7E6C94E-9411-4ADA-9BD5-18CA86910803}.Debug|Win32.Build.0 = Debug|Win32
		{D7E6C94E-9411-4ADA-9BD5-18CA86910803}.Release|Win32.ActiveCfg = Release|Win32
		{D7E6C94E-9411-4ADA-9BD5-18CA86910803}.Release|Win32.Build.0 = Release|Win32
		{F58C7E90-D832-4A9E-9FA7-020FBB802F33}.Debug|Win32.ActiveCfg = Debug|Win32
		{F58C7E90-D832-4A9E-9FA7-020FBB802F33}.Debug|Win32.Build.0 = Debug|Win32
		{F58C7E90-D832-4A9E-9FA7-020FBB802F33}.Release|Win32.ActiveCfg = Release|Win32
		{F58C7E90-D832-4A9E-9FA7-020FBB802F33}.Release|Win32.Build.0 = Release|Win32
	EndGlobalSection
	GlobalSection(SolutionProperties) = preSolution
		HideSolutionNode = FALSE
	EndGlobalSection
EndGlobal
