<?xml version="1.0" encoding="utf-8"?>
<Project ToolsVersion="4.0" xmlns="http://schemas.microsoft.com/developer/msbuild/2003">
  <ItemGroup>
    <Filter Include="UI">
      <UniqueIdentifier>{eda5f0df-b814-4033-a840-3ad4d8bbb414}</UniqueIdentifier>
    </Filter>
    <Filter Include="UI\Header Files">
      <UniqueIdentifier>{93995380-89BD-4b04-88EB-625FBE52EBFB}</UniqueIdentifier>
      <Extensions>h;hpp;hxx;hm;inl;inc;xsd</Extensions>
    </Filter>
    <Filter Include="UI\Resource Files">
      <UniqueIdentifier>{67DA6AB6-F800-4c08-8B7A-83BB121AAD01}</UniqueIdentifier>
      <Extensions>rc;ico;cur;bmp;dlg;rc2;rct;bin;rgs;gif;jpg;jpeg;jpe;resx;tiff;tif;png;wav</Extensions>
    </Filter>
    <Filter Include="UI\Source Files">
      <UniqueIdentifier>{4FC737F1-C7A5-4376-A066-2A32D752A2FF}</UniqueIdentifier>
      <Extensions>cpp;c;cc;cxx;def;odl;idl;hpj;bat;asm;asmx</Extensions>
    </Filter>
  </ItemGroup>
  <ItemGroup>
    <ClInclude Include="AddAnimForm.h">
      <Filter>UI\Header Files</Filter>
    </ClInclude>
    <ClInclude Include="EntityForm.h">
      <Filter>UI\Header Files</Filter>
    </ClInclude>
    <ClInclude Include="MainForm.h">
      <Filter>UI\Header Files</Filter>
    </ClInclude>
    <ClInclude Include="MaterialForm.h">
      <Filter>UI\Header Files</Filter>
    </ClInclude>
    <ClInclude Include="ModelForm.h">
      <Filter>UI\Header Files</Filter>
    </ClInclude>
    <ClInclude Include="PropertyForm.h">
      <Filter>UI\Header Files</Filter>
    </ClInclude>
    <ClInclude Include="resource.h">
      <Filter>UI\Header Files</Filter>
    </ClInclude>
    <ClInclude Include="Entity.h">
      <Filter>UI\Header Files</Filter>
    </ClInclude>
    <ClInclude Include="RenderWindow.h">
      <Filter>UI\Header Files</Filter>
    </ClInclude>
    <ClInclude Include="stdafx.h">
      <Filter>UI\Header Files</Filter>
    </ClInclude>
  </ItemGroup>
  <ItemGroup>
    <None Include="app.ico">
      <Filter>UI\Resource Files</Filter>
    </None>
  </ItemGroup>
  <ItemGroup>
    <ResourceCompile Include="app.rc">
      <Filter>UI\Resource Files</Filter>
    </ResourceCompile>
  </ItemGroup>
  <ItemGroup>
    <ClCompile Include="AddAnimForm.cpp">
      <Filter>UI\Source Files</Filter>
    </ClCompile>
    <ClCompile Include="EntityForm.cpp">
      <Filter>UI\Source Files</Filter>
    </ClCompile>
    <ClCompile Include="MainForm.cpp">
      <Filter>UI\Source Files</Filter>
    </ClCompile>
    <ClCompile Include="MaterialForm.cpp">
      <Filter>UI\Source Files</Filter>
    </ClCompile>
    <ClCompile Include="ModelForm.cpp">
      <Filter>UI\Source Files</Filter>
    </ClCompile>
    <ClCompile Include="PropertyForm.cpp">
      <Filter>UI\Source Files</Filter>
    </ClCompile>
    <ClCompile Include="AssemblyInfo.cpp">
      <Filter>UI\Source Files</Filter>
    </ClCompile>
    <ClCompile Include="Entity.cpp">
      <Filter>UI\Source Files</Filter>
    </ClCompile>
    <ClCompile Include="EntityEditor.cpp">
      <Filter>UI\Source Files</Filter>
    </ClCompile>
    <ClCompile Include="RenderWindow.cpp">
      <Filter>UI\Source Files</Filter>
    </ClCompile>
    <ClCompile Include="stdafx.cpp">
      <Filter>UI\Source Files</Filter>
    </ClCompile>
  </ItemGroup>
  <ItemGroup>
    <EmbeddedResource Include="AddAnimForm.resx">
      <Filter>UI\Resource Files</Filter>
    </EmbeddedResource>
    <EmbeddedResource Include="EntityForm.resx">
      <Filter>UI\Resource Files</Filter>
    </EmbeddedResource>
    <EmbeddedResource Include="MainForm.resX">
      <Filter>UI\Resource Files</Filter>
    </EmbeddedResource>
    <EmbeddedResource Include="MaterialForm.resx">
      <Filter>UI\Resource Files</Filter>
    </EmbeddedResource>
    <EmbeddedResource Include="ModelForm.resx">
      <Filter>UI\Resource Files</Filter>
    </EmbeddedResource>
    <EmbeddedResource Include="PropertyForm.resx">
      <Filter>UI\Resource Files</Filter>
    </EmbeddedResource>
  </ItemGroup>
</Project>